
Microsoft Visual Studio Solution File, Format Version 12.00
# Visual Studio Version 16
VisualStudioVersion = 16.0.30907.101
MinimumVisualStudioVersion = 10.0.40219.1
Project("{FAE04EC0-301F-11D3-BF4B-00C04F79EFBC}") = "ParrallelGause", "ParrallelGause\ParrallelGause.csproj", "{CA26D217-73A6-4A1E-977E-36CD2452066A}"
EndProject
Global
	GlobalSection(SolutionConfigurationPlatforms) = preSolution
		Debug|Any CPU = Debug|Any CPU
		Release|Any CPU = Release|Any CPU
	EndGlobalSection
	GlobalSection(ProjectConfigurationPlatforms) = postSolution
		{CA26D217-73A6-4A1E-977E-36CD2452066A}.Debug|Any CPU.ActiveCfg = Debug|Any CPU
		{CA26D217-73A6-4A1E-977E-36CD2452066A}.Debug|Any CPU.Build.0 = Debug|Any CPU
		{CA26D217-73A6-4A1E-977E-36CD2452066A}.Release|Any CPU.ActiveCfg = Release|Any CPU
		{CA26D217-73A6-4A1E-977E-36CD2452066A}.Release|Any CPU.Build.0 = Release|Any CPU
	EndGlobalSection
	GlobalSection(SolutionProperties) = preSolution
		HideSolutionNode = FALSE
	EndGlobalSection
	GlobalSection(ExtensibilityGlobals) = postSolution
		SolutionGuid = {45E78934-97AA-4D85-8A67-EDE8F507AADA}
	EndGlobalSection
EndGlobal
